
Microsoft Visual Studio Solution File, Format Version 12.00
# Visual Studio Version 17
VisualStudioVersion = 17.10.34928.147
MinimumVisualStudioVersion = 10.0.40219.1
Project("{2150E333-8FDC-42A3-9474-1A3956D46DE8}") = "OOPPrinciple", "OOPPrinciple", "{15388EF9-A7B6-446D-B72C-4D7E0B5C72A0}"
EndProject
Project("{9A19103F-16F7-4668-BE54-9A1E7A4F7556}") = "01_Encapulation", "01_Encapsolution\01_Encapulation.csproj", "{9AEB5CF2-AC03-44F9-BC0D-A2F41DF76924}"
EndProject
Project("{9A19103F-16F7-4668-BE54-9A1E7A4F7556}") = "02_Abstraction", "02_Abstraction\02_Abstraction.csproj", "{E74DC3C9-57BD-418E-994E-953C221FD9AA}"
EndProject
Project("{9A19103F-16F7-4668-BE54-9A1E7A4F7556}") = "03_Inheritance", "03_Inheritance\03_Inheritance.csproj", "{9796834C-7BCB-409B-B2A0-152743BE568A}"
EndProject
Project("{9A19103F-16F7-4668-BE54-9A1E7A4F7556}") = "04_polymorphism", "04_polymorphism\04_polymorphism.csproj", "{2E493842-B074-4A85-8EC5-C0AEE6A92358}"
EndProject
Project("{9A19103F-16F7-4668-BE54-9A1E7A4F7556}") = "05_Coupling", "05_Coupling\05_Coupling.csproj", "{9D43B454-50BA-4D96-92FB-D0C339AAF6CC}"
EndProject
Project("{9A19103F-16F7-4668-BE54-9A1E7A4F7556}") = "06_Composition", "06_Composition\06_Composition.csproj", "{F01D0DE4-1686-4D1F-96BD-6B41298F355B}"
EndProject
Project("{2150E333-8FDC-42A3-9474-1A3956D46DE8}") = "SOLID", "SOLID", "{2415E864-4268-4578-82BE-3C2A41F75C39}"
EndProject
Project("{9A19103F-16F7-4668-BE54-9A1E7A4F7556}") = "01_Solid_S", "01_Solid_S\01_Solid_S.csproj", "{D0483F17-DE26-4135-A1A4-B067F5FC343E}"
EndProject
Project("{9A19103F-16F7-4668-BE54-9A1E7A4F7556}") = "02_Solid_O", "02_Solid_O\02_Solid_O.csproj", "{A742CE3A-553D-4435-9DB4-6A6D9469D32B}"
EndProject
Project("{9A19103F-16F7-4668-BE54-9A1E7A4F7556}") = "03_Solid_I", "03_Solid_I\03_Solid_I.csproj", "{3CC8CADB-20F2-40F7-A025-95B68B623882}"
EndProject
Project("{9A19103F-16F7-4668-BE54-9A1E7A4F7556}") = "04_Solid_I", "04_Solid_I\04_Solid_I.csproj", "{6F5BFA35-C5B4-4D5F-8EE6-040C60CB21E4}"
EndProject
Project("{9A19103F-16F7-4668-BE54-9A1E7A4F7556}") = "05_Solid_D", "05_Solid_D\05_Solid_D.csproj", "{09D90BB0-B4E2-4C9F-90CB-413E94B8D549}"
EndProject
Project("{2150E333-8FDC-42A3-9474-1A3956D46DE8}") = "DesignPattern", "DesignPattern", "{225F7854-A6BD-4770-AE9E-2030117D2334}"
EndProject
Project("{2150E333-8FDC-42A3-9474-1A3956D46DE8}") = "BehavioralPatterns", "BehavioralPatterns", "{909E9BAC-1A6F-4ADA-A564-E879B1BFE89B}"
EndProject
Project("{2150E333-8FDC-42A3-9474-1A3956D46DE8}") = "CreationalPattern", "CreationalPattern", "{A636FF31-459B-4259-8023-940284467B29}"
EndProject
Project("{2150E333-8FDC-42A3-9474-1A3956D46DE8}") = "StructuralPatterns", "StructuralPatterns", "{68886D95-EE3A-4710-9808-861B288FC6E2}"
EndProject
Project("{FAE04EC0-301F-11D3-BF4B-00C04F79EFBC}") = "01_Memento", "01_Memento\01_Memento.csproj", "{B771D6B3-B14F-4B22-9309-0563EAB51464}"
EndProject
Project("{FAE04EC0-301F-11D3-BF4B-00C04F79EFBC}") = "02_StatePattern", "02_StatePattern\02_StatePattern.csproj", "{575C6983-9535-456F-A30B-7B176FDF737A}"
EndProject
Global
	GlobalSection(SolutionConfigurationPlatforms) = preSolution
		Debug|Any CPU = Debug|Any CPU
		Release|Any CPU = Release|Any CPU
	EndGlobalSection
	GlobalSection(ProjectConfigurationPlatforms) = postSolution
		{9AEB5CF2-AC03-44F9-BC0D-A2F41DF76924}.Debug|Any CPU.ActiveCfg = Debug|Any CPU
		{9AEB5CF2-AC03-44F9-BC0D-A2F41DF76924}.Debug|Any CPU.Build.0 = Debug|Any CPU
		{9AEB5CF2-AC03-44F9-BC0D-A2F41DF76924}.Release|Any CPU.ActiveCfg = Release|Any CPU
		{9AEB5CF2-AC03-44F9-BC0D-A2F41DF76924}.Release|Any CPU.Build.0 = Release|Any CPU
		{E74DC3C9-57BD-418E-994E-953C221FD9AA}.Debug|Any CPU.ActiveCfg = Debug|Any CPU
		{E74DC3C9-57BD-418E-994E-953C221FD9AA}.Debug|Any CPU.Build.0 = Debug|Any CPU
		{E74DC3C9-57BD-418E-994E-953C221FD9AA}.Release|Any CPU.ActiveCfg = Release|Any CPU
		{E74DC3C9-57BD-418E-994E-953C221FD9AA}.Release|Any CPU.Build.0 = Release|Any CPU
		{9796834C-7BCB-409B-B2A0-152743BE568A}.Debug|Any CPU.ActiveCfg = Debug|Any CPU
		{9796834C-7BCB-409B-B2A0-152743BE568A}.Debug|Any CPU.Build.0 = Debug|Any CPU
		{9796834C-7BCB-409B-B2A0-152743BE568A}.Release|Any CPU.ActiveCfg = Release|Any CPU
		{9796834C-7BCB-409B-B2A0-152743BE568A}.Release|Any CPU.Build.0 = Release|Any CPU
		{2E493842-B074-4A85-8EC5-C0AEE6A92358}.Debug|Any CPU.ActiveCfg = Debug|Any CPU
		{2E493842-B074-4A85-8EC5-C0AEE6A92358}.Debug|Any CPU.Build.0 = Debug|Any CPU
		{2E493842-B074-4A85-8EC5-C0AEE6A92358}.Release|Any CPU.ActiveCfg = Release|Any CPU
		{2E493842-B074-4A85-8EC5-C0AEE6A92358}.Release|Any CPU.Build.0 = Release|Any CPU
		{9D43B454-50BA-4D96-92FB-D0C339AAF6CC}.Debug|Any CPU.ActiveCfg = Debug|Any CPU
		{9D43B454-50BA-4D96-92FB-D0C339AAF6CC}.Debug|Any CPU.Build.0 = Debug|Any CPU
		{9D43B454-50BA-4D96-92FB-D0C339AAF6CC}.Release|Any CPU.ActiveCfg = Release|Any CPU
		{9D43B454-50BA-4D96-92FB-D0C339AAF6CC}.Release|Any CPU.Build.0 = Release|Any CPU
		{F01D0DE4-1686-4D1F-96BD-6B41298F355B}.Debug|Any CPU.ActiveCfg = Debug|Any CPU
		{F01D0DE4-1686-4D1F-96BD-6B41298F355B}.Debug|Any CPU.Build.0 = Debug|Any CPU
		{F01D0DE4-1686-4D1F-96BD-6B41298F355B}.Release|Any CPU.ActiveCfg = Release|Any CPU
		{F01D0DE4-1686-4D1F-96BD-6B41298F355B}.Release|Any CPU.Build.0 = Release|Any CPU
		{D0483F17-DE26-4135-A1A4-B067F5FC343E}.Debug|Any CPU.ActiveCfg = Debug|Any CPU
		{D0483F17-DE26-4135-A1A4-B067F5FC343E}.Debug|Any CPU.Build.0 = Debug|Any CPU
		{D0483F17-DE26-4135-A1A4-B067F5FC343E}.Release|Any CPU.ActiveCfg = Release|Any CPU
		{D0483F17-DE26-4135-A1A4-B067F5FC343E}.Release|Any CPU.Build.0 = Release|Any CPU
		{A742CE3A-553D-4435-9DB4-6A6D9469D32B}.Debug|Any CPU.ActiveCfg = Debug|Any CPU
		{A742CE3A-553D-4435-9DB4-6A6D9469D32B}.Debug|Any CPU.Build.0 = Debug|Any CPU
		{A742CE3A-553D-4435-9DB4-6A6D9469D32B}.Release|Any CPU.ActiveCfg = Release|Any CPU
		{A742CE3A-553D-4435-9DB4-6A6D9469D32B}.Release|Any CPU.Build.0 = Release|Any CPU
		{3CC8CADB-20F2-40F7-A025-95B68B623882}.Debug|Any CPU.ActiveCfg = Debug|Any CPU
		{3CC8CADB-20F2-40F7-A025-95B68B623882}.Debug|Any CPU.Build.0 = Debug|Any CPU
		{3CC8CADB-20F2-40F7-A025-95B68B623882}.Release|Any CPU.ActiveCfg = Release|Any CPU
		{3CC8CADB-20F2-40F7-A025-95B68B623882}.Release|Any CPU.Build.0 = Release|Any CPU
		{6F5BFA35-C5B4-4D5F-8EE6-040C60CB21E4}.Debug|Any CPU.ActiveCfg = Debug|Any CPU
		{6F5BFA35-C5B4-4D5F-8EE6-040C60CB21E4}.Debug|Any CPU.Build.0 = Debug|Any CPU
		{6F5BFA35-C5B4-4D5F-8EE6-040C60CB21E4}.Release|Any CPU.ActiveCfg = Release|Any CPU
		{6F5BFA35-C5B4-4D5F-8EE6-040C60CB21E4}.Release|Any CPU.Build.0 = Release|Any CPU
		{09D90BB0-B4E2-4C9F-90CB-413E94B8D549}.Debug|Any CPU.ActiveCfg = Debug|Any CPU
		{09D90BB0-B4E2-4C9F-90CB-413E94B8D549}.Debug|Any CPU.Build.0 = Debug|Any CPU
		{09D90BB0-B4E2-4C9F-90CB-413E94B8D549}.Release|Any CPU.ActiveCfg = Release|Any CPU
		{09D90BB0-B4E2-4C9F-90CB-413E94B8D549}.Release|Any CPU.Build.0 = Release|Any CPU
		{B771D6B3-B14F-4B22-9309-0563EAB51464}.Debug|Any CPU.ActiveCfg = Debug|Any CPU
		{B771D6B3-B14F-4B22-9309-0563EAB51464}.Debug|Any CPU.Build.0 = Debug|Any CPU
		{B771D6B3-B14F-4B22-9309-0563EAB51464}.Release|Any CPU.ActiveCfg = Release|Any CPU
		{B771D6B3-B14F-4B22-9309-0563EAB51464}.Release|Any CPU.Build.0 = Release|Any CPU
		{575C6983-9535-456F-A30B-7B176FDF737A}.Debug|Any CPU.ActiveCfg = Debug|Any CPU
		{575C6983-9535-456F-A30B-7B176FDF737A}.Debug|Any CPU.Build.0 = Debug|Any CPU
		{575C6983-9535-456F-A30B-7B176FDF737A}.Release|Any CPU.ActiveCfg = Release|Any CPU
		{575C6983-9535-456F-A30B-7B176FDF737A}.Release|Any CPU.Build.0 = Release|Any CPU
	EndGlobalSection
	GlobalSection(SolutionProperties) = preSolution
		HideSolutionNode = FALSE
	EndGlobalSection
	GlobalSection(NestedProjects) = preSolution
		{9AEB5CF2-AC03-44F9-BC0D-A2F41DF76924} = {15388EF9-A7B6-446D-B72C-4D7E0B5C72A0}
		{E74DC3C9-57BD-418E-994E-953C221FD9AA} = {15388EF9-A7B6-446D-B72C-4D7E0B5C72A0}
		{9796834C-7BCB-409B-B2A0-152743BE568A} = {15388EF9-A7B6-446D-B72C-4D7E0B5C72A0}
		{2E493842-B074-4A85-8EC5-C0AEE6A92358} = {15388EF9-A7B6-446D-B72C-4D7E0B5C72A0}
		{9D43B454-50BA-4D96-92FB-D0C339AAF6CC} = {15388EF9-A7B6-446D-B72C-4D7E0B5C72A0}
		{F01D0DE4-1686-4D1F-96BD-6B41298F355B} = {15388EF9-A7B6-446D-B72C-4D7E0B5C72A0}
		{D0483F17-DE26-4135-A1A4-B067F5FC343E} = {2415E864-4268-4578-82BE-3C2A41F75C39}
		{A742CE3A-553D-4435-9DB4-6A6D9469D32B} = {2415E864-4268-4578-82BE-3C2A41F75C39}
		{3CC8CADB-20F2-40F7-A025-95B68B623882} = {2415E864-4268-4578-82BE-3C2A41F75C39}
		{6F5BFA35-C5B4-4D5F-8EE6-040C60CB21E4} = {2415E864-4268-4578-82BE-3C2A41F75C39}
		{09D90BB0-B4E2-4C9F-90CB-413E94B8D549} = {2415E864-4268-4578-82BE-3C2A41F75C39}
		{909E9BAC-1A6F-4ADA-A564-E879B1BFE89B} = {225F7854-A6BD-4770-AE9E-2030117D2334}
		{A636FF31-459B-4259-8023-940284467B29} = {225F7854-A6BD-4770-AE9E-2030117D2334}
		{68886D95-EE3A-4710-9808-861B288FC6E2} = {225F7854-A6BD-4770-AE9E-2030117D2334}
		{B771D6B3-B14F-4B22-9309-0563EAB51464} = {909E9BAC-1A6F-4ADA-A564-E879B1BFE89B}
		{575C6983-9535-456F-A30B-7B176FDF737A} = {909E9BAC-1A6F-4ADA-A564-E879B1BFE89B}
	EndGlobalSection
	GlobalSection(ExtensibilityGlobals) = postSolution
		SolutionGuid = {F435F5B2-C8D2-4FE1-B083-CF8AB2D2CD92}
	EndGlobalSection
EndGlobal
